# This file is autogenerated, do not edit; changes may be undone by the next 'dep ensure'.


[[projects]]
  digest = "1:c1795e3e820acf3dd3a17ae97d752a6498d2bf6ecb81a06cb4e13169f72e5286"
  name = "github.com/go-stack/stack"
  packages = ["."]
  pruneopts = "UT"
  revision = "93c7c7e3550c72bc91dead1452a0020142e2a902"
  version = "v1.8.1"

[[projects]]
  digest = "1:66ff02b29a90cd2ebeab18c1ebc090543585dc977001bb6ee03a7cadbe5a2828"
  name = "github.com/golang/snappy"
  packages = ["."]
  pruneopts = "UT"
  revision = "544b4180ac705b7605231d4a4550a1acb22a19fe"
  version = "v0.0.4"

[[projects]]
  digest = "1:e4e735a2486ca5de29a55da5b44f92474288fa494d4a3d69c1c29024e1ead887"
  name = "github.com/klauspost/compress"
  packages = [
    ".",
    "fse",
    "huff0",
    "internal/cpuinfo",
    "internal/snapref",
    "zstd",
    "zstd/internal/xxhash",
  ]
  pruneopts = "UT"
  revision = "f31f9042b2dace486fba5c5bac5f853e1e58c613"
  version = "v1.15.3"

[[projects]]
  digest = "1:9e1d37b58d17113ec3cb5608ac0382313c5b59470b94ed97d0976e69c7022314"
  name = "github.com/pkg/errors"
  packages = ["."]
  pruneopts = "UT"
  revision = "614d223910a179a466c1767a985424175c39b465"
  version = "v0.9.1"

[[projects]]
  digest = "1:0e4d997532a1c11d2eb65a228c63f988c7be708125a315c68e9783284ba526bb"
  name = "github.com/xdg-go/pbkdf2"
  packages = ["."]
  pruneopts = "UT"
  revision = "7f452ef1dac88350356f1bb84a23748205e64b96"
  version = "v1.0.0"

[[projects]]
  digest = "1:18939270a8a3eb7a0e0ff9e94ade0a46f14eaaeec5b935a97da0d22f5a4b3250"
  name = "github.com/xdg-go/scram"
  packages = ["."]
  pruneopts = "UT"
  revision = "ef29d5590bacede26100601bb2f7d9bb08bacc75"
  version = "v1.1.1"

[[projects]]
  digest = "1:2c8cb1d1be6e4635f57b73d693f117ff12f4f9240851a9abffe0cf8c5a7181e7"
  name = "github.com/xdg-go/stringprep"
  packages = ["."]
  pruneopts = "UT"
  revision = "eb5c8f240eb1ea3fe0144fd4d3e0c305492d8eb1"
  version = "v1.0.3"

[[projects]]
  digest = "1:1c81a3a4880ad32382ab73d8bf43eb9a75132a9055354cd08f492fea9b2e4598"
  name = "github.com/youmark/pkcs8"
  packages = ["."]
  pruneopts = "UT"
  revision = "1be2e3e5546da8a58903ff4adcfab015022538ea"
  version = "v1.1"

[[projects]]
  digest = "1:dd6fa00125f9c779c4f95bf95b67ca37ed5e60a1a3f0d31c65d1debeb2ca9f9a"
  name = "go.mongodb.org/mongo-driver"
  packages = [
    "bson",
    "bson/bsoncodec",
    "bson/bsonoptions",
    "bson/bsonrw",
    "bson/bsontype",
    "bson/primitive",
    "event",
    "internal",
    "internal/randutil",
    "mongo",
    "mongo/address",
    "mongo/description",
    "mongo/options",
    "mongo/readconcern",
    "mongo/readpref",
    "mongo/writeconcern",
    "tag",
    "version",
    "x/bsonx",
    "x/bsonx/bsoncore",
    "x/mongo/driver",
    "x/mongo/driver/auth",
    "x/mongo/driver/auth/internal/awsv4",
    "x/mongo/driver/auth/internal/gssapi",
    "x/mongo/driver/connstring",
    "x/mongo/driver/dns",
    "x/mongo/driver/mongocrypt",
    "x/mongo/driver/mongocrypt/options",
    "x/mongo/driver/ocsp",
    "x/mongo/driver/operation",
    "x/mongo/driver/session",
    "x/mongo/driver/topology",
    "x/mongo/driver/uuid",
    "x/mongo/driver/wiremessage",
  ]
  pruneopts = "UT"
  revision = "886d852b768f98f06d976609ef5fdc00351ca405"
  version = "v1.9.1"

[[projects]]
  branch = "master"
  digest = "1:ee2fc582c171ea33d1955d90143249600eb845794ac0aace4dfc529244bd391d"
  name = "golang.org/x/crypto"
  packages = [
    "ocsp",
    "pbkdf2",
  ]
  pruneopts = "UT"
  revision = "2cf3adece1227c48e1673f1c37d70357e1a6b9d3"

[[projects]]
  branch = "master"
  digest = "1:b521f10a2d8fa85c04a8ef4e62f2d1e14d303599a55d64dabf9f5a02f84d35eb"
  name = "golang.org/x/sync"
  packages = ["errgroup"]
  pruneopts = "UT"
  revision = "036812b2e83c0ddf193dd5a34e034151da389d09"

[[projects]]
  digest = "1:f9333a716b0a022325ffa8831397bb719dff2283ad9a82d898d92dcd50781be2"
  name = "golang.org/x/text"
  packages = [
    "internal/gen",
    "internal/triegen",
    "internal/ucd",
    "transform",
    "unicode/cldr",
    "unicode/norm",
  ]
  pruneopts = "UT"
  revision = "383b2e75a7a4198c42f8f87833eefb772868a56f"
  version = "v0.3.7"

[solve-meta]
  analyzer-name = "dep"
  analyzer-version = 1
  input-imports = [
    "go.mongodb.org/mongo-driver/mongo",
    "go.mongodb.org/mongo-driver/mongo/options",
    "go.mongodb.org/mongo-driver/mongo/readpref",
  ]
  solver-name = "gps-cdcl"
  solver-version = 1
